
Microsoft Visual Studio Solution File, Format Version 12.00
# Visual Studio Version 16
VisualStudioVersion = 16.0.31702.278
MinimumVisualStudioVersion = 10.0.40219.1
Project("{FAE04EC0-301F-11D3-BF4B-00C04F79EFBC}") = "inheritance_and_polymorphism", "inheritance_and_polymorphism.csproj", "{ACDF21D5-045A-4BFD-9DAF-B3145AE62A7F}"
EndProject
Global
	GlobalSection(SolutionConfigurationPlatforms) = preSolution
		Debug|Any CPU = Debug|Any CPU
		Release|Any CPU = Release|Any CPU
	EndGlobalSection
	GlobalSection(ProjectConfigurationPlatforms) = postSolution
		{ACDF21D5-045A-4BFD-9DAF-B3145AE62A7F}.Debug|Any CPU.ActiveCfg = Debug|Any CPU
		{ACDF21D5-045A-4BFD-9DAF-B3145AE62A7F}.Debug|Any CPU.Build.0 = Debug|Any CPU
		{ACDF21D5-045A-4BFD-9DAF-B3145AE62A7F}.Release|Any CPU.ActiveCfg = Release|Any CPU
		{ACDF21D5-045A-4BFD-9DAF-B3145AE62A7F}.Release|Any CPU.Build.0 = Release|Any CPU
	EndGlobalSection
	GlobalSection(SolutionProperties) = preSolution
		HideSolutionNode = FALSE
	EndGlobalSection
	GlobalSection(ExtensibilityGlobals) = postSolution
		SolutionGuid = {82F57F2F-FE6D-49D7-9CF2-DC33C5D8A2DF}
	EndGlobalSection
EndGlobal
